
Microsoft Visual Studio Solution File, Format Version 12.00
# Visual Studio 2013
VisualStudioVersion = 12.0.30723.0
MinimumVisualStudioVersion = 10.0.40219.1
Project("{FAE04EC0-301F-11D3-BF4B-00C04F79EFBC}") = "HttpSignatures", "HttpSignatures\HttpSignatures.csproj", "{96B33F20-4730-40A6-AAE6-52AEBEC5726C}"
EndProject
Project("{FAE04EC0-301F-11D3-BF4B-00C04F79EFBC}") = "HttpSignatureTests", "HttpSignatureTests\HttpSignatureTests.csproj", "{2F145630-7C37-4C58-B09A-9673B88E0959}"
EndProject
Project("{2150E333-8FDC-42A3-9474-1A3956D46DE8}") = "Solution Items", "Solution Items", "{82712024-C73E-4BA3-8338-E9F572908D4B}"
	ProjectSection(SolutionItems) = preProject
		http-signatures.nuspec = http-signatures.nuspec
		HttpSignatures.symbols.nuspec = HttpSignatures.symbols.nuspec
	EndProjectSection
EndProject
Global
	GlobalSection(SolutionConfigurationPlatforms) = preSolution
		Debug|Any CPU = Debug|Any CPU
		Release|Any CPU = Release|Any CPU
	EndGlobalSection
	GlobalSection(ProjectConfigurationPlatforms) = postSolution
		{96B33F20-4730-40A6-AAE6-52AEBEC5726C}.Debug|Any CPU.ActiveCfg = Debug|Any CPU
		{96B33F20-4730-40A6-AAE6-52AEBEC5726C}.Debug|Any CPU.Build.0 = Debug|Any CPU
		{96B33F20-4730-40A6-AAE6-52AEBEC5726C}.Release|Any CPU.ActiveCfg = Release|Any CPU
		{96B33F20-4730-40A6-AAE6-52AEBEC5726C}.Release|Any CPU.Build.0 = Release|Any CPU
		{2F145630-7C37-4C58-B09A-9673B88E0959}.Debug|Any CPU.ActiveCfg = Debug|Any CPU
		{2F145630-7C37-4C58-B09A-9673B88E0959}.Debug|Any CPU.Build.0 = Debug|Any CPU
		{2F145630-7C37-4C58-B09A-9673B88E0959}.Release|Any CPU.ActiveCfg = Release|Any CPU
		{2F145630-7C37-4C58-B09A-9673B88E0959}.Release|Any CPU.Build.0 = Release|Any CPU
	EndGlobalSection
	GlobalSection(SolutionProperties) = preSolution
		HideSolutionNode = FALSE
	EndGlobalSection
	GlobalSection(MonoDevelopProperties) = preSolution
		StartupItem = HttpSignatures\HttpSignatures.csproj
	EndGlobalSection
EndGlobal
